
Microsoft Visual Studio Solution File, Format Version 12.00
# Visual Studio Version 17
VisualStudioVersion = 17.10.35013.160
MinimumVisualStudioVersion = 10.0.40219.1
Project("{9A19103F-16F7-4668-BE54-9A1E7A4F7556}") = "FullValidationAPI", "FullValidationAPI\FullValidationAPI.csproj", "{D48D87BD-C795-4E99-83DA-2E1CB0F2EF3E}"
EndProject
Project("{9A19103F-16F7-4668-BE54-9A1E7A4F7556}") = "LightweightValidationAPI", "LightweightValidationAPI\LightweightValidationAPI.csproj", "{CD9D6C0A-B9F3-41BB-8096-B229ADB7B884}"
EndProject
Project("{9A19103F-16F7-4668-BE54-9A1E7A4F7556}") = "FluentValidationAPI", "FluentValidationAPI\FluentValidationAPI.csproj", "{7C4B6E9B-B867-4AF4-8D8A-F6FD7910D812}"
EndProject
Project("{9A19103F-16F7-4668-BE54-9A1E7A4F7556}") = "ExtensionMethodValidation", "ExtensionMethodValidation\ExtensionMethodValidation.csproj", "{E6569159-E804-444A-94D0-BE0D26891AB3}"
EndProject
Project("{FAE04EC0-301F-11D3-BF4B-00C04F79EFBC}") = "BuiltInValidationAPI", "BuiltInValidationAPI\BuiltInValidationAPI.csproj", "{2C9B6969-BA3B-4390-AE65-DE8732961EFD}"
EndProject
Global
	GlobalSection(SolutionConfigurationPlatforms) = preSolution
		Debug|Any CPU = Debug|Any CPU
		Release|Any CPU = Release|Any CPU
	EndGlobalSection
	GlobalSection(ProjectConfigurationPlatforms) = postSolution
		{D48D87BD-C795-4E99-83DA-2E1CB0F2EF3E}.Debug|Any CPU.ActiveCfg = Debug|Any CPU
		{D48D87BD-C795-4E99-83DA-2E1CB0F2EF3E}.Debug|Any CPU.Build.0 = Debug|Any CPU
		{D48D87BD-C795-4E99-83DA-2E1CB0F2EF3E}.Release|Any CPU.ActiveCfg = Release|Any CPU
		{D48D87BD-C795-4E99-83DA-2E1CB0F2EF3E}.Release|Any CPU.Build.0 = Release|Any CPU
		{CD9D6C0A-B9F3-41BB-8096-B229ADB7B884}.Debug|Any CPU.ActiveCfg = Debug|Any CPU
		{CD9D6C0A-B9F3-41BB-8096-B229ADB7B884}.Debug|Any CPU.Build.0 = Debug|Any CPU
		{CD9D6C0A-B9F3-41BB-8096-B229ADB7B884}.Release|Any CPU.ActiveCfg = Release|Any CPU
		{CD9D6C0A-B9F3-41BB-8096-B229ADB7B884}.Release|Any CPU.Build.0 = Release|Any CPU
		{7C4B6E9B-B867-4AF4-8D8A-F6FD7910D812}.Debug|Any CPU.ActiveCfg = Debug|Any CPU
		{7C4B6E9B-B867-4AF4-8D8A-F6FD7910D812}.Debug|Any CPU.Build.0 = Debug|Any CPU
		{7C4B6E9B-B867-4AF4-8D8A-F6FD7910D812}.Release|Any CPU.ActiveCfg = Release|Any CPU
		{7C4B6E9B-B867-4AF4-8D8A-F6FD7910D812}.Release|Any CPU.Build.0 = Release|Any CPU
		{E6569159-E804-444A-94D0-BE0D26891AB3}.Debug|Any CPU.ActiveCfg = Debug|Any CPU
		{E6569159-E804-444A-94D0-BE0D26891AB3}.Debug|Any CPU.Build.0 = Debug|Any CPU
		{E6569159-E804-444A-94D0-BE0D26891AB3}.Release|Any CPU.ActiveCfg = Release|Any CPU
		{E6569159-E804-444A-94D0-BE0D26891AB3}.Release|Any CPU.Build.0 = Release|Any CPU
		{2C9B6969-BA3B-4390-AE65-DE8732961EFD}.Debug|Any CPU.ActiveCfg = Debug|Any CPU
		{2C9B6969-BA3B-4390-AE65-DE8732961EFD}.Debug|Any CPU.Build.0 = Debug|Any CPU
		{2C9B6969-BA3B-4390-AE65-DE8732961EFD}.Release|Any CPU.ActiveCfg = Release|Any CPU
		{2C9B6969-BA3B-4390-AE65-DE8732961EFD}.Release|Any CPU.Build.0 = Release|Any CPU
	EndGlobalSection
	GlobalSection(SolutionProperties) = preSolution
		HideSolutionNode = FALSE
	EndGlobalSection
	GlobalSection(ExtensibilityGlobals) = postSolution
		SolutionGuid = {5D5DAA25-4A9C-470D-8F6B-4E2EF7C3F02B}
	EndGlobalSection
EndGlobal
